version = 1
revision = 3
requires-python = ">=3.12"

[[package]]
name = "chip8-py"
version = "0.1.0"
source = { virtual = "." }
dependencies = [
    { name = "dearpygui" },
]

[package.metadata]
requires-dist = [{ name = "dearpygui", specifier = ">=2.3.1" }]

[[package]]
name = "dearpygui"
version = "2.3.1"
source = { registry = "https://pypi.org/simple" }
wheels = [
    { url = "https://files.pythonhosted.org/packages/20/f1/6f30c7eafa25755105d0c26049a95c89cc5c82b68971e1cc8ffea36b748a/dearpygui-2.3.1-cp312-cp312-macosx_13_0_arm64.whl", hash = "sha256:6b1efd675a358176b3b76c039587a543d407d8fbb2cc3643a527e0ab7c0f5577", size = 2002717, upload-time = "2026-05-01T22:46:00.242Z" },
    { url = "https://files.pythonhosted.org/packages/cc/03/fa76c31087b6ebbc13948de6d9d3bc9ed9946824b13d9d1089356b54249c/dearpygui-2.3.1-cp312-cp312-manylinux1_x86_64.whl", hash = "sha256:364b5b6a0953999fec764d529d9bb0b2cc6ab6ed06188e0ded28237c1475ca98", size = 2678552, upload-time = "2026-05-01T22:46:07.502Z" },
    { url = "https://files.pythonhosted.org/packages/f2/ef/657ec68a79664cd28d98d590eed85103c6ffc1e23e7d3c4e5aedb7ee887d/dearpygui-2.3.1-cp312-cp312-manylinux2014_aarch64.whl", hash = "sha256:199dffebda245c9f59aa7c10c3b7f62963237c5f744150ad9be409b27a2661d3", size = 2501224, upload-time = "2026-05-01T22:46:18.8Z" },
    { url = "https://files.pythonhosted.org/packages/77/be/e67e5a04439f15e60cf596092a31b2a907272288954e47f5ced43c0b1678/dearpygui-2.3.1-cp312-cp312-win_amd64.whl", hash = "sha256:26ed9197cdb30099c665bd1b23724e0dba60ad06b71344ecca7e52748c21874b", size = 1882080, upload-time = "2026-05-01T22:45:49.366Z" },
    { url = "https://files.pythonhosted.org/packages/42/db/56a293ad392b8dafdd3eb1a0c4d367efbde99aa6930359685fe270984dd1/dearpygui-2.3.1-cp313-cp313-macosx_13_0_arm64.whl", hash = "sha256:d2d29e72b031886893b32269e1478eff1fd651512e6c2bceda91059c3bc8ee0e", size = 2002694, upload-time = "2026-05-01T22:46:01.425Z" },
    { url = "https://files.pythonhosted.org/packages/cc/e0/df598671f40a7fffb8390946115d9e9cf12d3f4a52f5b9381bddc5699aee/dearpygui-2.3.1-cp313-cp313-manylinux1_x86_64.whl", hash = "sha256:e3f64c8d4cae68a3b5be1b7531d08400ccbf1e4ff03c7acfc85954f98993f864", size = 2678564, upload-time = "2026-05-01T22:46:08.706Z" },
    { url = "https://files.pythonhosted.org/packages/d0/d1/87cfb577d4a1615e809e2f6e0fd720bd4ad6cd25e365ef2fd08a6e09c86e/dearpygui-2.3.1-cp313-cp313-manylinux2014_aarch64.whl", hash = "sha256:0d8b7a5a04cd4a6e25dbf162aa0405cf12143a1c82b33e371c20e5ba8d9349f3", size = 2503196, upload-time = "2026-05-01T22:46:20.276Z" },
    { url = "https://files.pythonhosted.org/packages/b3/38/05f74181a59353bdc927b6ec46333714f633c5755f3d4bcda34d6eb100a5/dearpygui-2.3.1-cp313-cp313-win_amd64.whl", hash = "sha256:7946722c50f1e08866dfdb78eb33dd4e67dea1a3cfe4400b159e1c96861116dc", size = 1882082, upload-time = "2026-05-01T22:45:50.915Z" },
    { url = "https://files.pythonhosted.org/packages/4a/08/68ce3ba941cf09bcf288f2603d7178c936d473172fd545e0665b885cb840/dearpygui-2.3.1-cp314-cp314-macosx_13_0_arm64.whl", hash = "sha256:e2cbabd8d383308ea3520360e100d1e95c9a957cd26247431cd4920b23c3b56e", size = 2003034, upload-time = "2026-05-01T22:46:02.736Z" },
    { url = "https://files.pythonhosted.org/packages/f3/3f/ac003b6d636c9f5aae910a62d00b6c119403212cf2d7772d7c59ca8ef6dd/dearpygui-2.3.1-cp314-cp314-manylinux1_x86_64.whl", hash = "sha256:953442c7272e57f3686e393edc5cf6ce73cc2f47142739735dfabed403e33770", size = 2678545, upload-time = "2026-05-01T22:46:10.181Z" },
    { url = "https://files.pythonhosted.org/packages/1a/6b/657a2f1e2f604f356c39ed5b870aaed5d07fdeac3139fae2a455473b64ca/dearpygui-2.3.1-cp314-cp314-manylinux2014_aarch64.whl", hash = "sha256:43a561b5dc589944a3a2b469e5e68f1ab35ae38b3dcdf1f813ed9d6e024153f8", size = 2501699, upload-time = "2026-05-01T22:46:21.497Z" },
    { url = "https://files.pythonhosted.org/packages/8c/56/93b2310891589063e0226cb07fe05e08fbdb3f409f80f9edefb1cebea84e/dearpygui-2.3.1-cp314-cp314-win_amd64.whl", hash = "sha256:272cc52c66bc5a4a332f13a3af5e603070d47ca7cc4976e6a8c247594e2b3dd0", size = 1943067, upload-time = "2026-05-01T22:45:52.255Z" },
]
